{
  "name": "qmsk-e2",
  "version": "0.5.0",
  "lockfileVersion": 1,
  "requires": true,
  "dependencies": {
    "angular": {
      "version": "1.7.2",
      "resolved": "https://registry.npmjs.org/angular/-/angular-1.7.2.tgz",
      "integrity": "sha512-JcKKJbBdybUsmQ6x1M3xWyTYQ/ioVKJhSByEAjqrhmlOfvMFdhfMqAx5KIo8rLGk4DFolYPcCSgssjgTVjCtRQ=="
    },
    "angular-resource": {
      "version": "1.7.2",
      "resolved": "https://registry.npmjs.org/angular-resource/-/angular-resource-1.7.2.tgz",
      "integrity": "sha512-AEjn7DpRoXum49uYbUVr0fl9ZigjE6U3PwouclmNjCrspRzcal8UI8kaqqhFJFu+ZW5e5QdBY28BVfdW0pYmpA=="
    },
    "angular-route": {
      "version": "1.7.2",
      "resolved": "https://registry.npmjs.org/angular-route/-/angular-route-1.7.2.tgz",
      "integrity": "sha512-YshcsuhYThFbuQqWDhDvxaZtwlwV6M7dPzB2Eit215t0zx/78A7SSKGtw8SsqYyPCealrgD2QWdv4iY7kl6l1w=="
    },
    "angular-ui-bootstrap": {
      "version": "1.3.3",
      "resolved": "https://registry.npmjs.org/angular-ui-bootstrap/-/angular-ui-bootstrap-1.3.3.tgz",
      "integrity": "sha1-SCD4ldQzwXq+tKxzh/LxIsv4wRw="
    },
    "angular-websocket": {
      "version": "2.0.1",
      "resolved": "https://registry.npmjs.org/angular-websocket/-/angular-websocket-2.0.1.tgz",
      "integrity": "sha1-D7TWDtkBi+WD0DHuxOVrRXy43O4=",
      "requires": {
        "angular": "1.7.2",
        "ws": "1.1.5"
      }
    },
    "angularjs-scroll-glue": {
      "version": "2.2.0",
      "resolved": "https://registry.npmjs.org/angularjs-scroll-glue/-/angularjs-scroll-glue-2.2.0.tgz",
      "integrity": "sha1-B9M5msFsqHTGO2te4u4wVYs35dE="
    },
    "bootstrap": {
      "version": "3.3.7",
      "resolved": "https://registry.npmjs.org/bootstrap/-/bootstrap-3.3.7.tgz",
      "integrity": "sha1-WjiTlFSfIzMIdaOxUGVldPip63E="
    },
    "jquery": {
      "version": "2.2.4",
      "resolved": "https://registry.npmjs.org/jquery/-/jquery-2.2.4.tgz",
      "integrity": "sha1-LInWiJterFIqfuoywUUhVZxsvwI="
    },
    "jsonformatter": {
      "version": "0.4.2",
      "resolved": "https://registry.npmjs.org/jsonformatter/-/jsonformatter-0.4.2.tgz",
      "integrity": "sha1-06O83nrLnKqaoo1K6Jb1dUhUTcA="
    },
    "options": {
      "version": "0.0.6",
      "resolved": "https://registry.npmjs.org/options/-/options-0.0.6.tgz",
      "integrity": "sha1-7CLTEoBrtT5zF3Pnza788cZDEo8="
    },
    "ultron": {
      "version": "1.0.2",
      "resolved": "https://registry.npmjs.org/ultron/-/ultron-1.0.2.tgz",
      "integrity": "sha1-rOEWq1V80Zc4ak6I9GhTeMiy5Po="
    },
    "ws": {
      "version": "1.1.5",
      "resolved": "https://registry.npmjs.org/ws/-/ws-1.1.5.tgz",
      "integrity": "sha512-o3KqipXNUdS7wpQzBHSe180lBGO60SoK0yVo3CYJgb2MkobuWuBX6dhkYP5ORCLd55y+SaflMOV5fqAB53ux4w==",
      "requires": {
        "options": "0.0.6",
        "ultron": "1.0.2"
      }
    }
  }
}
